<?xml version="1.0" encoding="utf-8"?>
<Project ToolsVersion="4.0" xmlns="http://schemas.microsoft.com/developer/msbuild/2003">
  <ItemGroup>
    <Filter Include="Application">
      <UniqueIdentifier>{c15e4b14-39fc-49a1-af1a-703960716c78}</UniqueIdentifier>
    </Filter>
    <Filter Include="Application\Resource">
      <UniqueIdentifier>{ab2b0bbc-135b-4f7b-aa5b-228bb5c71421}</UniqueIdentifier>
    </Filter>
    <Filter Include="Kernel">
      <UniqueIdentifier>{7541c96c-da31-47c6-b995-270318e61250}</UniqueIdentifier>
    </Filter>
    <Filter Include="Kernel\BookTab">
      <UniqueIdentifier>{6d8c0e41-cdb3-4b7a-b212-4914452a5cbc}</UniqueIdentifier>
    </Filter>
    <Filter Include="Kernel\SettingDlg">
      <UniqueIdentifier>{397ff780-7b6a-4eab-be53-7f56f3573a53}</UniqueIdentifier>
    </Filter>
    <Filter Include="Widget">
      <UniqueIdentifier>{b986d6fd-d3e0-4da5-9437-59a7ca910887}</UniqueIdentifier>
    </Filter>
    <Filter Include="Widget\TabTemplate">
      <UniqueIdentifier>{543b19e7-e1c7-4bc9-b817-2e61f0f80d3d}</UniqueIdentifier>
    </Filter>
    <Filter Include="Widget\PrettyEdit">
      <UniqueIdentifier>{9035da42-b5e2-4502-859e-7abcf608e4b1}</UniqueIdentifier>
    </Filter>
    <Filter Include="Widget\SearchEdit">
      <UniqueIdentifier>{cbb2d6f9-d552-4c91-9655-8be1dfdfde01}</UniqueIdentifier>
    </Filter>
    <Filter Include="FileOp">
      <UniqueIdentifier>{1279bef9-55a6-4545-a098-3f11b460cf29}</UniqueIdentifier>
    </Filter>
    <Filter Include="Widget\ShellListCtrl">
      <UniqueIdentifier>{84f56f35-e203-4623-bd96-3c69b5f4c8b4}</UniqueIdentifier>
    </Filter>
    <Filter Include="Widget\FileListBox">
      <UniqueIdentifier>{a0195ea2-385f-4302-8a07-7b1fc8f3957d}</UniqueIdentifier>
    </Filter>
    <Filter Include="Kernel\NameDlg">
      <UniqueIdentifier>{5fa0214c-73ba-4405-b7c5-21a144e30a6f}</UniqueIdentifier>
    </Filter>
    <Filter Include="Kernel\MainSearch">
      <UniqueIdentifier>{6688b449-2f8b-46fd-a3e9-5b03de11b2a7}</UniqueIdentifier>
    </Filter>
    <Filter Include="Widget\PrettyButton">
      <UniqueIdentifier>{63a62df5-f25a-4f23-81eb-09ce11040e6a}</UniqueIdentifier>
    </Filter>
    <Filter Include="Widget\DDXControl">
      <UniqueIdentifier>{cd6c29ad-3cca-4f08-9124-6c12bc6d7425}</UniqueIdentifier>
    </Filter>
    <Filter Include="WndHelp">
      <UniqueIdentifier>{0cdb1e75-f2ac-46b3-a37b-3dfd13742c9c}</UniqueIdentifier>
    </Filter>
    <Filter Include="Widget\ListBoxEvent">
      <UniqueIdentifier>{1207df87-c5cb-48ca-b91b-a3dada065821}</UniqueIdentifier>
    </Filter>
    <Filter Include="Kernel\BookDlg">
      <UniqueIdentifier>{c28d5e6f-bc10-458c-a18b-fabba33ee288}</UniqueIdentifier>
    </Filter>
    <Filter Include="Kernel\TagTab">
      <UniqueIdentifier>{a98c5081-6aa9-4d80-8818-4e3e6e67ea0e}</UniqueIdentifier>
    </Filter>
    <Filter Include="Kernel\CodeDlg">
      <UniqueIdentifier>{6636454a-bca3-40a4-9c3a-2ed2daf7707b}</UniqueIdentifier>
    </Filter>
    <Filter Include="Kernel\CodeTab">
      <UniqueIdentifier>{9ed6aa81-8c46-4cdf-9816-7c8cffba40fe}</UniqueIdentifier>
    </Filter>
    <Filter Include="Widget\ItemInfoEdit">
      <UniqueIdentifier>{742ff97e-6bd0-4878-b7c5-9031e95190c1}</UniqueIdentifier>
    </Filter>
    <Filter Include="Widget\TagItemEdit">
      <UniqueIdentifier>{be465ef9-f847-4d7f-82f9-56a73efefe52}</UniqueIdentifier>
    </Filter>
    <Filter Include="Widget\HiliteBorder">
      <UniqueIdentifier>{132cd8b5-3fe3-4956-8c93-b1f89a7ecdac}</UniqueIdentifier>
    </Filter>
    <Filter Include="Widget\FolderEnum">
      <UniqueIdentifier>{f8753b09-c294-4dc6-947c-d74a87ee1223}</UniqueIdentifier>
    </Filter>
    <Filter Include="Widget\FolderList">
      <UniqueIdentifier>{125f1da9-6a50-4c60-bf06-5fe19e0e496f}</UniqueIdentifier>
    </Filter>
  </ItemGroup>
  <ItemGroup>
    <None Include="res\setting.ico">
      <Filter>Application\Resource</Filter>
    </None>
    <None Include="res\DataMag.rc2">
      <Filter>Application\Resource</Filter>
    </None>
    <None Include="res\rename.ico">
      <Filter>Application\Resource</Filter>
    </None>
    <None Include="res\delete.ico">
      <Filter>Application\Resource</Filter>
    </None>
    <None Include="res\DataMag.ico">
      <Filter>Application\Resource</Filter>
    </None>
    <None Include="res\book.ico">
      <Filter>Application\Resource</Filter>
    </None>
    <None Include="res\code.ico">
      <Filter>Application\Resource</Filter>
    </None>
    <None Include="res\search.ico">
      <Filter>Application\Resource</Filter>
    </None>
    <None Include="res\label.ico">
      <Filter>Application\Resource</Filter>
    </None>
    <None Include="res\refresh.ico">
      <Filter>Application\Resource</Filter>
    </None>
    <None Include="res\add_book.ico">
      <Filter>Application\Resource</Filter>
    </None>
    <None Include="res\add_code.ico">
      <Filter>Application\Resource</Filter>
    </None>
    <None Include="res\add_label.ico">
      <Filter>Application\Resource</Filter>
    </None>
    <None Include="res\remove_link.ico">
      <Filter>Application\Resource</Filter>
    </None>
    <None Include="res\edit_tag.ico">
      <Filter>Application\Resource</Filter>
    </None>
    <None Include="res\not_edit.ico">
      <Filter>Application\Resource</Filter>
    </None>
  </ItemGroup>
  <ItemGroup>
    <ClInclude Include="DataMag.h">
      <Filter>Application</Filter>
    </ClInclude>
    <ClInclude Include="stdafx.h">
      <Filter>Application</Filter>
    </ClInclude>
    <ClInclude Include="targetver.h">
      <Filter>Application</Filter>
    </ClInclude>
    <ClInclude Include="SettingDlg.h">
      <Filter>Kernel\SettingDlg</Filter>
    </ClInclude>
    <ClInclude Include="Resource.h">
      <Filter>Application</Filter>
    </ClInclude>
    <ClInclude Include="ShellListCtrl.h">
      <Filter>Widget\ShellListCtrl</Filter>
    </ClInclude>
    <ClInclude Include="TabTemplate.h">
      <Filter>Widget\TabTemplate</Filter>
    </ClInclude>
    <ClInclude Include="BookTab.h">
      <Filter>Kernel\BookTab</Filter>
    </ClInclude>
    <ClInclude Include="PrettyEdit.h">
      <Filter>Widget\PrettyEdit</Filter>
    </ClInclude>
    <ClInclude Include="SearchEdit.h">
      <Filter>Widget\SearchEdit</Filter>
    </ClInclude>
    <ClInclude Include="FileOp.h">
      <Filter>FileOp</Filter>
    </ClInclude>
    <ClInclude Include="FileListBox.h">
      <Filter>Widget\FileListBox</Filter>
    </ClInclude>
    <ClInclude Include="NameDlg.h">
      <Filter>Kernel\NameDlg</Filter>
    </ClInclude>
    <ClInclude Include="MainSearch.h">
      <Filter>Kernel\MainSearch</Filter>
    </ClInclude>
    <ClInclude Include="PrettyButton.h">
      <Filter>Widget\PrettyButton</Filter>
    </ClInclude>
    <ClInclude Include="HilitButton.h">
      <Filter>Widget\PrettyButton</Filter>
    </ClInclude>
    <ClInclude Include="DDXControl.h">
      <Filter>Widget\DDXControl</Filter>
    </ClInclude>
    <ClInclude Include="WndHelp.h">
      <Filter>WndHelp</Filter>
    </ClInclude>
    <ClInclude Include="ListBoxEvent.h">
      <Filter>Widget\ListBoxEvent</Filter>
    </ClInclude>
    <ClInclude Include="BookDlg.h">
      <Filter>Kernel\BookDlg</Filter>
    </ClInclude>
    <ClInclude Include="TagTab.h">
      <Filter>Kernel\TagTab</Filter>
    </ClInclude>
    <ClInclude Include="CodeDlg.h">
      <Filter>Kernel\CodeDlg</Filter>
    </ClInclude>
    <ClInclude Include="CodeTab.h">
      <Filter>Kernel\CodeTab</Filter>
    </ClInclude>
    <ClInclude Include="AppWnd.h">
      <Filter>Application</Filter>
    </ClInclude>
    <ClInclude Include="ItemInfoEdit.h">
      <Filter>Widget\ItemInfoEdit</Filter>
    </ClInclude>
    <ClInclude Include="TagItemEdit.h">
      <Filter>Widget\TagItemEdit</Filter>
    </ClInclude>
    <ClInclude Include="HiliteBorder.h">
      <Filter>Widget\HiliteBorder</Filter>
    </ClInclude>
    <ClInclude Include="FolderEnum.h">
      <Filter>Widget\FolderEnum</Filter>
    </ClInclude>
    <ClInclude Include="FolderList.h">
      <Filter>Widget\FolderList</Filter>
    </ClInclude>
  </ItemGroup>
  <ItemGroup>
    <ClCompile Include="stdafx.cpp">
      <Filter>Application</Filter>
    </ClCompile>
    <ClCompile Include="DataMag.cpp">
      <Filter>Application</Filter>
    </ClCompile>
    <ClCompile Include="SettingDlg.cpp">
      <Filter>Kernel\SettingDlg</Filter>
    </ClCompile>
    <ClCompile Include="ShellListCtrl.cpp">
      <Filter>Widget\ShellListCtrl</Filter>
    </ClCompile>
    <ClCompile Include="TabTemplate.cpp">
      <Filter>Widget\TabTemplate</Filter>
    </ClCompile>
    <ClCompile Include="BookTab.cpp">
      <Filter>Kernel\BookTab</Filter>
    </ClCompile>
    <ClCompile Include="PrettyEdit.cpp">
      <Filter>Widget\PrettyEdit</Filter>
    </ClCompile>
    <ClCompile Include="SearchEdit.cpp">
      <Filter>Widget\SearchEdit</Filter>
    </ClCompile>
    <ClCompile Include="FileOp.cpp">
      <Filter>FileOp</Filter>
    </ClCompile>
    <ClCompile Include="FileListBox.cpp">
      <Filter>Widget\FileListBox</Filter>
    </ClCompile>
    <ClCompile Include="NameDlg.cpp">
      <Filter>Kernel\NameDlg</Filter>
    </ClCompile>
    <ClCompile Include="MainSearch.cpp">
      <Filter>Kernel\MainSearch</Filter>
    </ClCompile>
    <ClCompile Include="PrettyButton.cpp">
      <Filter>Widget\PrettyButton</Filter>
    </ClCompile>
    <ClCompile Include="HilitButton.cpp">
      <Filter>Widget\PrettyButton</Filter>
    </ClCompile>
    <ClCompile Include="DDXControl.cpp">
      <Filter>Widget\DDXControl</Filter>
    </ClCompile>
    <ClCompile Include="WndHelp.cpp">
      <Filter>WndHelp</Filter>
    </ClCompile>
    <ClCompile Include="BookDlg.cpp">
      <Filter>Kernel\BookDlg</Filter>
    </ClCompile>
    <ClCompile Include="TagTab.cpp">
      <Filter>Kernel\TagTab</Filter>
    </ClCompile>
    <ClCompile Include="CodeDlg.cpp">
      <Filter>Kernel\CodeDlg</Filter>
    </ClCompile>
    <ClCompile Include="CodeTab.cpp">
      <Filter>Kernel\CodeTab</Filter>
    </ClCompile>
    <ClCompile Include="AppWnd.cpp">
      <Filter>Application</Filter>
    </ClCompile>
    <ClCompile Include="ItemInfoEdit.cpp">
      <Filter>Widget\ItemInfoEdit</Filter>
    </ClCompile>
    <ClCompile Include="TagItemEdit.cpp">
      <Filter>Widget\TagItemEdit</Filter>
    </ClCompile>
    <ClCompile Include="HiliteBorder.cpp">
      <Filter>Widget\HiliteBorder</Filter>
    </ClCompile>
    <ClCompile Include="FolderEnum.cpp">
      <Filter>Widget\FolderEnum</Filter>
    </ClCompile>
    <ClCompile Include="FolderList.cpp">
      <Filter>Widget\FolderList</Filter>
    </ClCompile>
  </ItemGroup>
  <ItemGroup>
    <ResourceCompile Include="DataMag.rc">
      <Filter>Application</Filter>
    </ResourceCompile>
  </ItemGroup>
</Project>